
Microsoft Visual Studio Solution File, Format Version 12.00
# Visual Studio Version 17
VisualStudioVersion = 17.0.32014.148
MinimumVisualStudioVersion = 10.0.40219.1
Project("{FAE04EC0-301F-11D3-BF4B-00C04F79EFBC}") = "TodoApi", "TodoApi\TodoApi.csproj", "{2951432C-8E7E-4C93-BDF0-7696D1B84091}"
EndProject
Global
	GlobalSection(SolutionConfigurationPlatforms) = preSolution
		Debug|Any CPU = Debug|Any CPU
		Release|Any CPU = Release|Any CPU
	EndGlobalSection
	GlobalSection(ProjectConfigurationPlatforms) = postSolution
		{2951432C-8E7E-4C93-BDF0-7696D1B84091}.Debug|Any CPU.ActiveCfg = Debug|Any CPU
		{2951432C-8E7E-4C93-BDF0-7696D1B84091}.Debug|Any CPU.Build.0 = Debug|Any CPU
		{2951432C-8E7E-4C93-BDF0-7696D1B84091}.Release|Any CPU.ActiveCfg = Release|Any CPU
		{2951432C-8E7E-4C93-BDF0-7696D1B84091}.Release|Any CPU.Build.0 = Release|Any CPU
	EndGlobalSection
	GlobalSection(SolutionProperties) = preSolution
		HideSolutionNode = FALSE
	EndGlobalSection
	GlobalSection(ExtensibilityGlobals) = postSolution
		SolutionGuid = {B160CE64-B49B-4798-A43D-8FA99DB5FC1C}
	EndGlobalSection
EndGlobal
